PODS:
  - IQKeyboardManagerSwift (6.5.11)
  - JGProgressHUD (2.2)
  - naveridlogin-sdk-ios (4.1.5)

DEPENDENCIES:
  - IQKeyboardManagerSwift
  - JGProgressHUD
  - naveridlogin-sdk-ios

SPEC REPOS:
  trunk:
    - IQKeyboardManagerSwift
    - JGProgressHUD
    - naveridlogin-sdk-ios

SPEC CHECKSUMS:
  IQKeyboardManagerSwift: c7955c0bdbf7b2eb29bb7daaa44e3d90f55a9a85
  JGProgressHUD: d83d7a981b85d11205e19ff8ad5bb9c40571c847
  naveridlogin-sdk-ios: 4351fe7162cd6b8b6dbb37bd7cc205304fa1d889

PODFILE CHECKSUM: b1c2d7472062cbb78bb5f4a1496c6b7905de1861

COCOAPODS: 1.11.3
