// !$*UTF8*$!
{
	archiveVersion = 1;
	classes = {
	};
	objectVersion = 55;
	objects = {

/* Begin PBXBuildFile section */
		A2434ACA298651F500F60D1A /* AppDelegate.swift in Sources */ = {isa = PBXBuildFile; fileRef = A2434AC9298651F500F60D1A /* AppDelegate.swift */; };
		A2434ACC298651F500F60D1A /* SceneDelegate.swift in Sources */ = {isa = PBXBuildFile; fileRef = A2434ACB298651F500F60D1A /* SceneDelegate.swift */; };
		A2434ACE298651F500F60D1A /* HomeViewController.swift in Sources */ = {isa = PBXBuildFile; fileRef = A2434ACD298651F500F60D1A /* HomeViewController.swift */; };
		A2434AD1298651F500F60D1A /* Home.storyboard in Resources */ = {isa = PBXBuildFile; fileRef = A2434ACF298651F500F60D1A /* Home.storyboard */; };
		A2434AD3298651F600F60D1A /* Assets.xcassets in Resources */ = {isa = PBXBuildFile; fileRef = A2434AD2298651F600F60D1A /* Assets.xcassets */; };
		A2434AD6298651F600F60D1A /* LaunchScreen.storyboard in Resources */ = {isa = PBXBuildFile; fileRef = A2434AD4298651F600F60D1A /* LaunchScreen.storyboard */; };
		A2434ADF2986520E00F60D1A /* Alamofire in Frameworks */ = {isa = PBXBuildFile; productRef = A2434ADE2986520E00F60D1A /* Alamofire */; };
		A2434AE22986523000F60D1A /* Tabman in Frameworks */ = {isa = PBXBuildFile; productRef = A2434AE12986523000F60D1A /* Tabman */; };
		A2434AE52986523D00F60D1A /* Kingfisher in Frameworks */ = {isa = PBXBuildFile; productRef = A2434AE42986523D00F60D1A /* Kingfisher */; };
		A2434AFA298659A500F60D1A /* TemplateViewController.swift in Sources */ = {isa = PBXBuildFile; fileRef = A2434AF9298659A500F60D1A /* TemplateViewController.swift */; };
		A2434AFC29865AD700F60D1A /* LoginViewController.swift in Sources */ = {isa = PBXBuildFile; fileRef = A2434AFB29865AD700F60D1A /* LoginViewController.swift */; };
		A2434AFE29865AF100F60D1A /* Login.storyboard in Resources */ = {isa = PBXBuildFile; fileRef = A2434AFD29865AF100F60D1A /* Login.storyboard */; };
		A2434B0029865B0A00F60D1A /* Announcement.storyboard in Resources */ = {isa = PBXBuildFile; fileRef = A2434AFF29865B0A00F60D1A /* Announcement.storyboard */; };
		A2434B0229865B1A00F60D1A /* AnnouncementViewController.swift in Sources */ = {isa = PBXBuildFile; fileRef = A2434B0129865B1A00F60D1A /* AnnouncementViewController.swift */; };
		A2434B0629865B7000F60D1A /* SearchViewController.swift in Sources */ = {isa = PBXBuildFile; fileRef = A2434B0529865B7000F60D1A /* SearchViewController.swift */; };
		A2434B0829865B7700F60D1A /* Search.storyboard in Resources */ = {isa = PBXBuildFile; fileRef = A2434B0729865B7700F60D1A /* Search.storyboard */; };
		A2434B0A29865B8000F60D1A /* Store.storyboard in Resources */ = {isa = PBXBuildFile; fileRef = A2434B0929865B8000F60D1A /* Store.storyboard */; };
		A2434B0C29865B8B00F60D1A /* StoreViewController.swift in Sources */ = {isa = PBXBuildFile; fileRef = A2434B0B29865B8B00F60D1A /* StoreViewController.swift */; };
		A2434B0E29865B9600F60D1A /* UnLoginMyPageViewController.swift in Sources */ = {isa = PBXBuildFile; fileRef = A2434B0D29865B9600F60D1A /* UnLoginMyPageViewController.swift */; };
		A2434B1029865BA000F60D1A /* CalendarViewController.swift in Sources */ = {isa = PBXBuildFile; fileRef = A2434B0F29865BA000F60D1A /* CalendarViewController.swift */; };
		A2434B1229865BA700F60D1A /* Calendar.storyboard in Resources */ = {isa = PBXBuildFile; fileRef = A2434B1129865BA700F60D1A /* Calendar.storyboard */; };
		A2434B1429865BAD00F60D1A /* UnLoginUserMypage.storyboard in Resources */ = {isa = PBXBuildFile; fileRef = A2434B1329865BAD00F60D1A /* UnLoginUserMypage.storyboard */; };
		A2434B1729865C5B00F60D1A /* Toast in Frameworks */ = {isa = PBXBuildFile; productRef = A2434B1629865C5B00F60D1A /* Toast */; };
		A2434B192986869800F60D1A /* WebKit.framework in Frameworks */ = {isa = PBXBuildFile; fileRef = A2434B182986869800F60D1A /* WebKit.framework */; };
		A2784AD9298A979700FE23DF /* LoginUserMypage.storyboard in Resources */ = {isa = PBXBuildFile; fileRef = A2784AD8298A979700FE23DF /* LoginUserMypage.storyboard */; };
		A2B1CD5B29874E6C00D87570 /* AuthorityGuidance.storyboard in Resources */ = {isa = PBXBuildFile; fileRef = A2B1CD5A29874E6C00D87570 /* AuthorityGuidance.storyboard */; };
		A2B1CD5D29874E7E00D87570 /* AuthorityGuidanceViewController.swift in Sources */ = {isa = PBXBuildFile; fileRef = A2B1CD5C29874E7E00D87570 /* AuthorityGuidanceViewController.swift */; };
		A2B1CD5F29875D9E00D87570 /* SelectUserCategoryViewController.swift in Sources */ = {isa = PBXBuildFile; fileRef = A2B1CD5E29875D9E00D87570 /* SelectUserCategoryViewController.swift */; };
		A2B1CD612987687F00D87570 /* BuyerProfileSetViewController.swift in Sources */ = {isa = PBXBuildFile; fileRef = A2B1CD602987687F00D87570 /* BuyerProfileSetViewController.swift */; };
		A2B1CD662987797100D87570 /* UserProfileSetting.storyboard in Resources */ = {isa = PBXBuildFile; fileRef = A2B1CD652987797100D87570 /* UserProfileSetting.storyboard */; };
		A2B1CD682987876800D87570 /* SellerProfileSetViewController.swift in Sources */ = {isa = PBXBuildFile; fileRef = A2B1CD672987876800D87570 /* SellerProfileSetViewController.swift */; };
		A2B1CD6A2987A29000D87570 /* UITextField+.swift in Sources */ = {isa = PBXBuildFile; fileRef = A2B1CD692987A29000D87570 /* UITextField+.swift */; };
		A2B1CD7129888D2800D87570 /* AnnouncementCell.swift in Sources */ = {isa = PBXBuildFile; fileRef = A2B1CD6F29888D2800D87570 /* AnnouncementCell.swift */; };
		A2B1CD7229888D2800D87570 /* AnnouncementCell.xib in Resources */ = {isa = PBXBuildFile; fileRef = A2B1CD7029888D2800D87570 /* AnnouncementCell.xib */; };
		A2B1CD742988A9FE00D87570 /* AnnouncementDetailViewController.swift in Sources */ = {isa = PBXBuildFile; fileRef = A2B1CD732988A9FE00D87570 /* AnnouncementDetailViewController.swift */; };
		A2B1CD782988D8C200D87570 /* HomeCollectionViewCell.swift in Sources */ = {isa = PBXBuildFile; fileRef = A2B1CD772988D8C200D87570 /* HomeCollectionViewCell.swift */; };
		A2F607632989F53A00F4F3DD /* UIViewController+.swift in Sources */ = {isa = PBXBuildFile; fileRef = A2F607622989F53A00F4F3DD /* UIViewController+.swift */; };
		A2F60765298A1BC800F4F3DD /* LoginMyPageViewController.swift in Sources */ = {isa = PBXBuildFile; fileRef = A2F60764298A1BC800F4F3DD /* LoginMyPageViewController.swift */; };
		A2F60767298A238A00F4F3DD /* SettingTableViewCell.swift in Sources */ = {isa = PBXBuildFile; fileRef = A2F60766298A238A00F4F3DD /* SettingTableViewCell.swift */; };
		F7B56377554ABA0CA2B370C4 /* Pods_KeKi.framework in Frameworks */ = {isa = PBXBuildFile; fileRef = 2D976EA6FCEB12A3327E501F /* Pods_KeKi.framework */; };
/* End PBXBuildFile section */

/* Begin PBXFileReference section */
		2D976EA6FCEB12A3327E501F /* Pods_KeKi.framework */ = {isa = PBXFileReference; explicitFileType = wrapper.framework; includeInIndex = 0; path = Pods_KeKi.framework; sourceTree = BUILT_PRODUCTS_DIR; };
		78B388A7669643F3338C197A /* Pods-KeKi.release.xcconfig */ = {isa = PBXFileReference; includeInIndex = 1; lastKnownFileType = text.xcconfig; name = "Pods-KeKi.release.xcconfig"; path = "Target Support Files/Pods-KeKi/Pods-KeKi.release.xcconfig"; sourceTree = "<group>"; };
		9C943509B2DF89C336174319 /* Pods-KeKi.debug.xcconfig */ = {isa = PBXFileReference; includeInIndex = 1; lastKnownFileType = text.xcconfig; name = "Pods-KeKi.debug.xcconfig"; path = "Target Support Files/Pods-KeKi/Pods-KeKi.debug.xcconfig"; sourceTree = "<group>"; };
		A2434AC6298651F500F60D1A /* KeKi.app */ = {isa = PBXFileReference; explicitFileType = wrapper.application; includeInIndex = 0; path = KeKi.app; sourceTree = BUILT_PRODUCTS_DIR; };
		A2434AC9298651F500F60D1A /* AppDelegate.swift */ = {isa = PBXFileReference; lastKnownFileType = sourcecode.swift; path = AppDelegate.swift; sourceTree = "<group>"; };
		A2434ACB298651F500F60D1A /* SceneDelegate.swift */ = {isa = PBXFileReference; lastKnownFileType = sourcecode.swift; path = SceneDelegate.swift; sourceTree = "<group>"; };
		A2434ACD298651F500F60D1A /* HomeViewController.swift */ = {isa = PBXFileReference; lastKnownFileType = sourcecode.swift; path = HomeViewController.swift; sourceTree = "<group>"; };
		A2434AD0298651F500F60D1A /* Base */ = {isa = PBXFileReference; lastKnownFileType = file.storyboard; name = Base; path = Base.lproj/Home.storyboard; sourceTree = "<group>"; };
		A2434AD2298651F600F60D1A /* Assets.xcassets */ = {isa = PBXFileReference; lastKnownFileType = folder.assetcatalog; path = Assets.xcassets; sourceTree = "<group>"; };
		A2434AD5298651F600F60D1A /* Base */ = {isa = PBXFileReference; lastKnownFileType = file.storyboard; name = Base; path = Base.lproj/LaunchScreen.storyboard; sourceTree = "<group>"; };
		A2434AD7298651F600F60D1A /* Info.plist */ = {isa = PBXFileReference; lastKnownFileType = text.plist.xml; path = Info.plist; sourceTree = "<group>"; };
		A2434AF9298659A500F60D1A /* TemplateViewController.swift */ = {isa = PBXFileReference; lastKnownFileType = sourcecode.swift; path = TemplateViewController.swift; sourceTree = "<group>"; };
		A2434AFB29865AD700F60D1A /* LoginViewController.swift */ = {isa = PBXFileReference; lastKnownFileType = sourcecode.swift; path = LoginViewController.swift; sourceTree = "<group>"; };
		A2434AFD29865AF100F60D1A /* Login.storyboard */ = {isa = PBXFileReference; lastKnownFileType = file.storyboard; path = Login.storyboard; sourceTree = "<group>"; };
		A2434AFF29865B0A00F60D1A /* Announcement.storyboard */ = {isa = PBXFileReference; lastKnownFileType = file.storyboard; path = Announcement.storyboard; sourceTree = "<group>"; };
		A2434B0129865B1A00F60D1A /* AnnouncementViewController.swift */ = {isa = PBXFileReference; lastKnownFileType = sourcecode.swift; path = AnnouncementViewController.swift; sourceTree = "<group>"; };
		A2434B0529865B7000F60D1A /* SearchViewController.swift */ = {isa = PBXFileReference; lastKnownFileType = sourcecode.swift; path = SearchViewController.swift; sourceTree = "<group>"; };
		A2434B0729865B7700F60D1A /* Search.storyboard */ = {isa = PBXFileReference; lastKnownFileType = file.storyboard; path = Search.storyboard; sourceTree = "<group>"; };
		A2434B0929865B8000F60D1A /* Store.storyboard */ = {isa = PBXFileReference; lastKnownFileType = file.storyboard; path = Store.storyboard; sourceTree = "<group>"; };
		A2434B0B29865B8B00F60D1A /* StoreViewController.swift */ = {isa = PBXFileReference; lastKnownFileType = sourcecode.swift; path = StoreViewController.swift; sourceTree = "<group>"; };
		A2434B0D29865B9600F60D1A /* UnLoginMyPageViewController.swift */ = {isa = PBXFileReference; lastKnownFileType = sourcecode.swift; path = UnLoginMyPageViewController.swift; sourceTree = "<group>"; };
		A2434B0F29865BA000F60D1A /* CalendarViewController.swift */ = {isa = PBXFileReference; lastKnownFileType = sourcecode.swift; path = CalendarViewController.swift; sourceTree = "<group>"; };
		A2434B1129865BA700F60D1A /* Calendar.storyboard */ = {isa = PBXFileReference; lastKnownFileType = file.storyboard; path = Calendar.storyboard; sourceTree = "<group>"; };
		A2434B1329865BAD00F60D1A /* UnLoginUserMypage.storyboard */ = {isa = PBXFileReference; lastKnownFileType = file.storyboard; path = UnLoginUserMypage.storyboard; sourceTree = "<group>"; };
		A2434B182986869800F60D1A /* WebKit.framework */ = {isa = PBXFileReference; lastKnownFileType = wrapper.framework; name = WebKit.framework; path = System/Library/Frameworks/WebKit.framework; sourceTree = SDKROOT; };
		A2784AD8298A979700FE23DF /* LoginUserMypage.storyboard */ = {isa = PBXFileReference; lastKnownFileType = file.storyboard; path = LoginUserMypage.storyboard; sourceTree = "<group>"; };
		A2B1CD5A29874E6C00D87570 /* AuthorityGuidance.storyboard */ = {isa = PBXFileReference; lastKnownFileType = file.storyboard; path = AuthorityGuidance.storyboard; sourceTree = "<group>"; };
		A2B1CD5C29874E7E00D87570 /* AuthorityGuidanceViewController.swift */ = {isa = PBXFileReference; lastKnownFileType = sourcecode.swift; path = AuthorityGuidanceViewController.swift; sourceTree = "<group>"; };
		A2B1CD5E29875D9E00D87570 /* SelectUserCategoryViewController.swift */ = {isa = PBXFileReference; lastKnownFileType = sourcecode.swift; path = SelectUserCategoryViewController.swift; sourceTree = "<group>"; };
		A2B1CD602987687F00D87570 /* BuyerProfileSetViewController.swift */ = {isa = PBXFileReference; lastKnownFileType = sourcecode.swift; path = BuyerProfileSetViewController.swift; sourceTree = "<group>"; };
		A2B1CD652987797100D87570 /* UserProfileSetting.storyboard */ = {isa = PBXFileReference; lastKnownFileType = file.storyboard; path = UserProfileSetting.storyboard; sourceTree = "<group>"; };
		A2B1CD672987876800D87570 /* SellerProfileSetViewController.swift */ = {isa = PBXFileReference; lastKnownFileType = sourcecode.swift; path = SellerProfileSetViewController.swift; sourceTree = "<group>"; };
		A2B1CD692987A29000D87570 /* UITextField+.swift */ = {isa = PBXFileReference; lastKnownFileType = sourcecode.swift; path = "UITextField+.swift"; sourceTree = "<group>"; };
		A2B1CD6F29888D2800D87570 /* AnnouncementCell.swift */ = {isa = PBXFileReference; lastKnownFileType = sourcecode.swift; path = AnnouncementCell.swift; sourceTree = "<group>"; };
		A2B1CD7029888D2800D87570 /* AnnouncementCell.xib */ = {isa = PBXFileReference; lastKnownFileType = file.xib; path = AnnouncementCell.xib; sourceTree = "<group>"; };
		A2B1CD732988A9FE00D87570 /* AnnouncementDetailViewController.swift */ = {isa = PBXFileReference; lastKnownFileType = sourcecode.swift; path = AnnouncementDetailViewController.swift; sourceTree = "<group>"; };
		A2B1CD772988D8C200D87570 /* HomeCollectionViewCell.swift */ = {isa = PBXFileReference; lastKnownFileType = sourcecode.swift; path = HomeCollectionViewCell.swift; sourceTree = "<group>"; };
		A2F607622989F53A00F4F3DD /* UIViewController+.swift */ = {isa = PBXFileReference; lastKnownFileType = sourcecode.swift; path = "UIViewController+.swift"; sourceTree = "<group>"; };
		A2F60764298A1BC800F4F3DD /* LoginMyPageViewController.swift */ = {isa = PBXFileReference; lastKnownFileType = sourcecode.swift; path = LoginMyPageViewController.swift; sourceTree = "<group>"; };
		A2F60766298A238A00F4F3DD /* SettingTableViewCell.swift */ = {isa = PBXFileReference; lastKnownFileType = sourcecode.swift; name = SettingTableViewCell.swift; path = /Users/gimchowon/Desktop/Keki/KEKI_iOS/KeKi/Scenes/MyPage/SettingTableViewCell.swift; sourceTree = "<absolute>"; };
/* End PBXFileReference section */

/* Begin PBXFrameworksBuildPhase section */
		A2434AC3298651F500F60D1A /* Frameworks */ = {
			isa = PBXFrameworksBuildPhase;
			buildActionMask = 2147483647;
			files = (
				A2434B192986869800F60D1A /* WebKit.framework in Frameworks */,
				A2434AE52986523D00F60D1A /* Kingfisher in Frameworks */,
				A2434ADF2986520E00F60D1A /* Alamofire in Frameworks */,
				A2434AE22986523000F60D1A /* Tabman in Frameworks */,
				A2434B1729865C5B00F60D1A /* Toast in Frameworks */,
				F7B56377554ABA0CA2B370C4 /* Pods_KeKi.framework in Frameworks */,
			);
			runOnlyForDeploymentPostprocessing = 0;
		};
/* End PBXFrameworksBuildPhase section */

/* Begin PBXGroup section */
		1CB5DCC8C8C729296B08AEC6 /* Pods */ = {
			isa = PBXGroup;
			children = (
				9C943509B2DF89C336174319 /* Pods-KeKi.debug.xcconfig */,
				78B388A7669643F3338C197A /* Pods-KeKi.release.xcconfig */,
			);
			path = Pods;
			sourceTree = "<group>";
		};
		68EB6E1D199D39FF76F9CE8A /* Frameworks */ = {
			isa = PBXGroup;
			children = (
				A2434B182986869800F60D1A /* WebKit.framework */,
				2D976EA6FCEB12A3327E501F /* Pods_KeKi.framework */,
			);
			name = Frameworks;
			sourceTree = "<group>";
		};
		A2434ABD298651F500F60D1A = {
			isa = PBXGroup;
			children = (
				A2434AC8298651F500F60D1A /* KeKi */,
				A2434AC7298651F500F60D1A /* Products */,
				1CB5DCC8C8C729296B08AEC6 /* Pods */,
				68EB6E1D199D39FF76F9CE8A /* Frameworks */,
			);
			sourceTree = "<group>";
		};
		A2434AC7298651F500F60D1A /* Products */ = {
			isa = PBXGroup;
			children = (
				A2434AC6298651F500F60D1A /* KeKi.app */,
			);
			name = Products;
			sourceTree = "<group>";
		};
		A2434AC8298651F500F60D1A /* KeKi */ = {
			isa = PBXGroup;
			children = (
				A2434AE62986578100F60D1A /* App */,
				A2434AE72986579000F60D1A /* Global */,
				A2434AD7298651F600F60D1A /* Info.plist */,
				A2434AE82986579F00F60D1A /* Utils */,
				A2434AEF2986588500F60D1A /* Data */,
				A2434AE9298657B100F60D1A /* Scenes */,
			);
			path = KeKi;
			sourceTree = "<group>";
		};
		A2434AE62986578100F60D1A /* App */ = {
			isa = PBXGroup;
			children = (
				A2434AC9298651F500F60D1A /* AppDelegate.swift */,
				A2434ACB298651F500F60D1A /* SceneDelegate.swift */,
			);
			path = App;
			sourceTree = "<group>";
		};
		A2434AE72986579000F60D1A /* Global */ = {
			isa = PBXGroup;
			children = (
				A2434AEA298657D000F60D1A /* Template */,
				A2434AEB298657E500F60D1A /* Extension */,
				A2434AED2986580A00F60D1A /* Resources */,
				A2434AEE2986582200F60D1A /* SupportingFiles */,
			);
			path = Global;
			sourceTree = "<group>";
		};
		A2434AE82986579F00F60D1A /* Utils */ = {
			isa = PBXGroup;
			children = (
			);
			path = Utils;
			sourceTree = "<group>";
		};
		A2434AE9298657B100F60D1A /* Scenes */ = {
			isa = PBXGroup;
			children = (
				A2434AF3298658E600F60D1A /* Login */,
				A2434AF2298658D800F60D1A /* Home */,
				A2434AF82986592B00F60D1A /* Announcement */,
				A2434AF5298658F900F60D1A /* Search */,
				A2434AF6298658FF00F60D1A /* Store */,
				A2434AF4298658EB00F60D1A /* MyPage */,
				A2434AF72986590600F60D1A /* Calendar */,
			);
			path = Scenes;
			sourceTree = "<group>";
		};
		A2434AEA298657D000F60D1A /* Template */ = {
			isa = PBXGroup;
			children = (
				A2434AF9298659A500F60D1A /* TemplateViewController.swift */,
			);
			path = Template;
			sourceTree = "<group>";
		};
		A2434AEB298657E500F60D1A /* Extension */ = {
			isa = PBXGroup;
			children = (
				A2B1CD692987A29000D87570 /* UITextField+.swift */,
				A2F607622989F53A00F4F3DD /* UIViewController+.swift */,
			);
			path = Extension;
			sourceTree = "<group>";
		};
		A2434AED2986580A00F60D1A /* Resources */ = {
			isa = PBXGroup;
			children = (
				A2434AD2298651F600F60D1A /* Assets.xcassets */,
			);
			path = Resources;
			sourceTree = "<group>";
		};
		A2434AEE2986582200F60D1A /* SupportingFiles */ = {
			isa = PBXGroup;
			children = (
				A2434AD4298651F600F60D1A /* LaunchScreen.storyboard */,
			);
			path = SupportingFiles;
			sourceTree = "<group>";
		};
		A2434AEF2986588500F60D1A /* Data */ = {
			isa = PBXGroup;
			children = (
				A2434AF02986589400F60D1A /* Network */,
				A2434AF12986589D00F60D1A /* Model */,
			);
			path = Data;
			sourceTree = "<group>";
		};
		A2434AF02986589400F60D1A /* Network */ = {
			isa = PBXGroup;
			children = (
			);
			path = Network;
			sourceTree = "<group>";
		};
		A2434AF12986589D00F60D1A /* Model */ = {
			isa = PBXGroup;
			children = (
			);
			path = Model;
			sourceTree = "<group>";
		};
		A2434AF2298658D800F60D1A /* Home */ = {
			isa = PBXGroup;
			children = (
				A2434ACD298651F500F60D1A /* HomeViewController.swift */,
				A2B1CD772988D8C200D87570 /* HomeCollectionViewCell.swift */,
				A2434ACF298651F500F60D1A /* Home.storyboard */,
			);
			path = Home;
			sourceTree = "<group>";
		};
		A2434AF3298658E600F60D1A /* Login */ = {
			isa = PBXGroup;
			children = (
				A2B1CD642987796400D87570 /* UserProfileSetting */,
				A2434AFB29865AD700F60D1A /* LoginViewController.swift */,
				A2434AFD29865AF100F60D1A /* Login.storyboard */,
				A2B1CD5E29875D9E00D87570 /* SelectUserCategoryViewController.swift */,
				A2B1CD5A29874E6C00D87570 /* AuthorityGuidance.storyboard */,
				A2B1CD5C29874E7E00D87570 /* AuthorityGuidanceViewController.swift */,
			);
			path = Login;
			sourceTree = "<group>";
		};
		A2434AF4298658EB00F60D1A /* MyPage */ = {
			isa = PBXGroup;
			children = (
				A2434B0D29865B9600F60D1A /* UnLoginMyPageViewController.swift */,
				A2434B1329865BAD00F60D1A /* UnLoginUserMypage.storyboard */,
				A2F60764298A1BC800F4F3DD /* LoginMyPageViewController.swift */,
				A2784AD8298A979700FE23DF /* LoginUserMypage.storyboard */,
				A2F60766298A238A00F4F3DD /* SettingTableViewCell.swift */,
			);
			path = MyPage;
			sourceTree = "<group>";
		};
		A2434AF5298658F900F60D1A /* Search */ = {
			isa = PBXGroup;
			children = (
				A2434B0529865B7000F60D1A /* SearchViewController.swift */,
				A2434B0729865B7700F60D1A /* Search.storyboard */,
			);
			path = Search;
			sourceTree = "<group>";
		};
		A2434AF6298658FF00F60D1A /* Store */ = {
			isa = PBXGroup;
			children = (
				A2434B0929865B8000F60D1A /* Store.storyboard */,
				A2434B0B29865B8B00F60D1A /* StoreViewController.swift */,
			);
			path = Store;
			sourceTree = "<group>";
		};
		A2434AF72986590600F60D1A /* Calendar */ = {
			isa = PBXGroup;
			children = (
				A2434B0F29865BA000F60D1A /* CalendarViewController.swift */,
				A2434B1129865BA700F60D1A /* Calendar.storyboard */,
			);
			path = Calendar;
			sourceTree = "<group>";
		};
		A2434AF82986592B00F60D1A /* Announcement */ = {
			isa = PBXGroup;
			children = (
				A2434AFF29865B0A00F60D1A /* Announcement.storyboard */,
				A2B1CD732988A9FE00D87570 /* AnnouncementDetailViewController.swift */,
				A2B1CD6F29888D2800D87570 /* AnnouncementCell.swift */,
				A2B1CD7029888D2800D87570 /* AnnouncementCell.xib */,
				A2434B0129865B1A00F60D1A /* AnnouncementViewController.swift */,
			);
			path = Announcement;
			sourceTree = "<group>";
		};
		A2B1CD642987796400D87570 /* UserProfileSetting */ = {
			isa = PBXGroup;
			children = (
				A2B1CD602987687F00D87570 /* BuyerProfileSetViewController.swift */,
				A2B1CD652987797100D87570 /* UserProfileSetting.storyboard */,
				A2B1CD672987876800D87570 /* SellerProfileSetViewController.swift */,
			);
			path = UserProfileSetting;
			sourceTree = "<group>";
		};
/* End PBXGroup section */

/* Begin PBXNativeTarget section */
		A2434AC5298651F500F60D1A /* KeKi */ = {
			isa = PBXNativeTarget;
			buildConfigurationList = A2434ADA298651F600F60D1A /* Build configuration list for PBXNativeTarget "KeKi" */;
			buildPhases = (
				DE60C26EFAE342A4F9F45506 /* [CP] Check Pods Manifest.lock */,
				A2434AC2298651F500F60D1A /* Sources */,
				A2434AC3298651F500F60D1A /* Frameworks */,
				A2434AC4298651F500F60D1A /* Resources */,
				1B90B7F2C8B7B75310385F93 /* [CP] Embed Pods Frameworks */,
			);
			buildRules = (
			);
			dependencies = (
			);
			name = KeKi;
			packageProductDependencies = (
				A2434ADE2986520E00F60D1A /* Alamofire */,
				A2434AE12986523000F60D1A /* Tabman */,
				A2434AE42986523D00F60D1A /* Kingfisher */,
				A2434B1629865C5B00F60D1A /* Toast */,
			);
			productName = KeKi;
			productReference = A2434AC6298651F500F60D1A /* KeKi.app */;
			productType = "com.apple.product-type.application";
		};
/* End PBXNativeTarget section */

/* Begin PBXProject section */
		A2434ABE298651F500F60D1A /* Project object */ = {
			isa = PBXProject;
			attributes = {
				BuildIndependentTargetsInParallel = 1;
				LastSwiftUpdateCheck = 1410;
				LastUpgradeCheck = 1410;
				TargetAttributes = {
					A2434AC5298651F500F60D1A = {
						CreatedOnToolsVersion = 14.1;
					};
				};
			};
			buildConfigurationList = A2434AC1298651F500F60D1A /* Build configuration list for PBXProject "KeKi" */;
			compatibilityVersion = "Xcode 13.0";
			developmentRegion = en;
			hasScannedForEncodings = 0;
			knownRegions = (
				en,
				Base,
			);
			mainGroup = A2434ABD298651F500F60D1A;
			packageReferences = (
				A2434ADD2986520E00F60D1A /* XCRemoteSwiftPackageReference "Alamofire" */,
				A2434AE02986523000F60D1A /* XCRemoteSwiftPackageReference "Tabman" */,
				A2434AE32986523D00F60D1A /* XCRemoteSwiftPackageReference "Kingfisher" */,
				A2434B1529865C5B00F60D1A /* XCRemoteSwiftPackageReference "Toast-Swift" */,
			);
			productRefGroup = A2434AC7298651F500F60D1A /* Products */;
			projectDirPath = "";
			projectRoot = "";
			targets = (
				A2434AC5298651F500F60D1A /* KeKi */,
			);
		};
/* End PBXProject section */

/* Begin PBXResourcesBuildPhase section */
		A2434AC4298651F500F60D1A /* Resources */ = {
			isa = PBXResourcesBuildPhase;
			buildActionMask = 2147483647;
			files = (
				A2784AD9298A979700FE23DF /* LoginUserMypage.storyboard in Resources */,
				A2434AFE29865AF100F60D1A /* Login.storyboard in Resources */,
				A2434AD6298651F600F60D1A /* LaunchScreen.storyboard in Resources */,
				A2434B0029865B0A00F60D1A /* Announcement.storyboard in Resources */,
				A2434AD3298651F600F60D1A /* Assets.xcassets in Resources */,
				A2B1CD7229888D2800D87570 /* AnnouncementCell.xib in Resources */,
				A2434B1429865BAD00F60D1A /* UnLoginUserMypage.storyboard in Resources */,
				A2434B1229865BA700F60D1A /* Calendar.storyboard in Resources */,
				A2B1CD5B29874E6C00D87570 /* AuthorityGuidance.storyboard in Resources */,
				A2434B0829865B7700F60D1A /* Search.storyboard in Resources */,
				A2B1CD662987797100D87570 /* UserProfileSetting.storyboard in Resources */,
				A2434B0A29865B8000F60D1A /* Store.storyboard in Resources */,
				A2434AD1298651F500F60D1A /* Home.storyboard in Resources */,
			);
			runOnlyForDeploymentPostprocessing = 0;
		};
/* End PBXResourcesBuildPhase section */

/* Begin PBXShellScriptBuildPhase section */
		1B90B7F2C8B7B75310385F93 /* [CP] Embed Pods Frameworks */ = {
			isa = PBXShellScriptBuildPhase;
			buildActionMask = 2147483647;
			files = (
			);
			inputFileListPaths = (
				"${PODS_ROOT}/Target Support Files/Pods-KeKi/Pods-KeKi-frameworks-${CONFIGURATION}-input-files.xcfilelist",
			);
			name = "[CP] Embed Pods Frameworks";
			outputFileListPaths = (
				"${PODS_ROOT}/Target Support Files/Pods-KeKi/Pods-KeKi-frameworks-${CONFIGURATION}-output-files.xcfilelist",
			);
			runOnlyForDeploymentPostprocessing = 0;
			shellPath = /bin/sh;
			shellScript = "\"${PODS_ROOT}/Target Support Files/Pods-KeKi/Pods-KeKi-frameworks.sh\"\n";
			showEnvVarsInLog = 0;
		};
		DE60C26EFAE342A4F9F45506 /* [CP] Check Pods Manifest.lock */ = {
			isa = PBXShellScriptBuildPhase;
			buildActionMask = 2147483647;
			files = (
			);
			inputFileListPaths = (
			);
			inputPaths = (
				"${PODS_PODFILE_DIR_PATH}/Podfile.lock",
				"${PODS_ROOT}/Manifest.lock",
			);
			name = "[CP] Check Pods Manifest.lock";
			outputFileListPaths = (
			);
			outputPaths = (
				"$(DERIVED_FILE_DIR)/Pods-KeKi-checkManifestLockResult.txt",
			);
			runOnlyForDeploymentPostprocessing = 0;
			shellPath = /bin/sh;
			shellScript = "diff \"${PODS_PODFILE_DIR_PATH}/Podfile.lock\" \"${PODS_ROOT}/Manifest.lock\" > /dev/null\nif [ $? != 0 ] ; then\n    # print error to STDERR\n    echo \"error: The sandbox is not in sync with the Podfile.lock. Run 'pod install' or update your CocoaPods installation.\" >&2\n    exit 1\nfi\n# This output is used by Xcode 'outputs' to avoid re-running this script phase.\necho \"SUCCESS\" > \"${SCRIPT_OUTPUT_FILE_0}\"\n";
			showEnvVarsInLog = 0;
		};
/* End PBXShellScriptBuildPhase section */

/* Begin PBXSourcesBuildPhase section */
		A2434AC2298651F500F60D1A /* Sources */ = {
			isa = PBXSourcesBuildPhase;
			buildActionMask = 2147483647;
			files = (
				A2434B1029865BA000F60D1A /* CalendarViewController.swift in Sources */,
				A2434B0C29865B8B00F60D1A /* StoreViewController.swift in Sources */,
				A2434ACE298651F500F60D1A /* HomeViewController.swift in Sources */,
				A2434B0629865B7000F60D1A /* SearchViewController.swift in Sources */,
				A2B1CD612987687F00D87570 /* BuyerProfileSetViewController.swift in Sources */,
				A2B1CD782988D8C200D87570 /* HomeCollectionViewCell.swift in Sources */,
				A2434ACA298651F500F60D1A /* AppDelegate.swift in Sources */,
				A2B1CD6A2987A29000D87570 /* UITextField+.swift in Sources */,
				A2B1CD682987876800D87570 /* SellerProfileSetViewController.swift in Sources */,
				A2F60765298A1BC800F4F3DD /* LoginMyPageViewController.swift in Sources */,
				A2B1CD5F29875D9E00D87570 /* SelectUserCategoryViewController.swift in Sources */,
				A2434AFA298659A500F60D1A /* TemplateViewController.swift in Sources */,
				A2434B0E29865B9600F60D1A /* UnLoginMyPageViewController.swift in Sources */,
				A2434AFC29865AD700F60D1A /* LoginViewController.swift in Sources */,
				A2B1CD7129888D2800D87570 /* AnnouncementCell.swift in Sources */,
				A2434B0229865B1A00F60D1A /* AnnouncementViewController.swift in Sources */,
				A2B1CD742988A9FE00D87570 /* AnnouncementDetailViewController.swift in Sources */,
				A2F60767298A238A00F4F3DD /* SettingTableViewCell.swift in Sources */,
				A2434ACC298651F500F60D1A /* SceneDelegate.swift in Sources */,
				A2F607632989F53A00F4F3DD /* UIViewController+.swift in Sources */,
				A2B1CD5D29874E7E00D87570 /* AuthorityGuidanceViewController.swift in Sources */,
			);
			runOnlyForDeploymentPostprocessing = 0;
		};
/* End PBXSourcesBuildPhase section */

/* Begin PBXVariantGroup section */
		A2434ACF298651F500F60D1A /* Home.storyboard */ = {
			isa = PBXVariantGroup;
			children = (
				A2434AD0298651F500F60D1A /* Base */,
			);
			name = Home.storyboard;
			sourceTree = "<group>";
		};
		A2434AD4298651F600F60D1A /* LaunchScreen.storyboard */ = {
			isa = PBXVariantGroup;
			children = (
				A2434AD5298651F600F60D1A /* Base */,
			);
			name = LaunchScreen.storyboard;
			sourceTree = "<group>";
		};
/* End PBXVariantGroup section */

/* Begin XCBuildConfiguration section */
		A2434AD8298651F600F60D1A /* Debug */ = {
			isa = XCBuildConfiguration;
			buildSettings = {
				ALWAYS_SEARCH_USER_PATHS = NO;
				CLANG_ANALYZER_NONNULL = YES;
				CLANG_ANALYZER_NUMBER_OBJECT_CONVERSION = YES_AGGRESSIVE;
				CLANG_CXX_LANGUAGE_STANDARD = "gnu++20";
				CLANG_ENABLE_MODULES = YES;
				CLANG_ENABLE_OBJC_ARC = YES;
				CLANG_ENABLE_OBJC_WEAK = YES;
				CLANG_WARN_BLOCK_CAPTURE_AUTORELEASING = YES;
				CLANG_WARN_BOOL_CONVERSION = YES;
				CLANG_WARN_COMMA = YES;
				CLANG_WARN_CONSTANT_CONVERSION = YES;
				CLANG_WARN_DEPRECATED_OBJC_IMPLEMENTATIONS = YES;
				CLANG_WARN_DIRECT_OBJC_ISA_USAGE = YES_ERROR;
				CLANG_WARN_DOCUMENTATION_COMMENTS = YES;
				CLANG_WARN_EMPTY_BODY = YES;
				CLANG_WARN_ENUM_CONVERSION = YES;
				CLANG_WARN_INFINITE_RECURSION = YES;
				CLANG_WARN_INT_CONVERSION = YES;
				CLANG_WARN_NON_LITERAL_NULL_CONVERSION = YES;
				CLANG_WARN_OBJC_IMPLICIT_RETAIN_SELF = YES;
				CLANG_WARN_OBJC_LITERAL_CONVERSION = YES;
				CLANG_WARN_OBJC_ROOT_CLASS = YES_ERROR;
				CLANG_WARN_QUOTED_INCLUDE_IN_FRAMEWORK_HEADER = YES;
				CLANG_WARN_RANGE_LOOP_ANALYSIS = YES;
				CLANG_WARN_STRICT_PROTOTYPES = YES;
				CLANG_WARN_SUSPICIOUS_MOVE = YES;
				CLANG_WARN_UNGUARDED_AVAILABILITY = YES_AGGRESSIVE;
				CLANG_WARN_UNREACHABLE_CODE = YES;
				CLANG_WARN__DUPLICATE_METHOD_MATCH = YES;
				COPY_PHASE_STRIP = NO;
				DEBUG_INFORMATION_FORMAT = dwarf;
				ENABLE_STRICT_OBJC_MSGSEND = YES;
				ENABLE_TESTABILITY = YES;
				GCC_C_LANGUAGE_STANDARD = gnu11;
				GCC_DYNAMIC_NO_PIC = NO;
				GCC_NO_COMMON_BLOCKS = YES;
				GCC_OPTIMIZATION_LEVEL = 0;
				GCC_PREPROCESSOR_DEFINITIONS = (
					"DEBUG=1",
					"$(inherited)",
				);
				GCC_WARN_64_TO_32_BIT_CONVERSION = YES;
				GCC_WARN_ABOUT_RETURN_TYPE = YES_ERROR;
				GCC_WARN_UNDECLARED_SELECTOR = YES;
				GCC_WARN_UNINITIALIZED_AUTOS = YES_AGGRESSIVE;
				GCC_WARN_UNUSED_FUNCTION = YES;
				GCC_WARN_UNUSED_VARIABLE = YES;
				IPHONEOS_DEPLOYMENT_TARGET = 15.0;
				MTL_ENABLE_DEBUG_INFO = INCLUDE_SOURCE;
				MTL_FAST_MATH = YES;
				ONLY_ACTIVE_ARCH = YES;
				SDKROOT = iphoneos;
				SWIFT_ACTIVE_COMPILATION_CONDITIONS = DEBUG;
				SWIFT_OPTIMIZATION_LEVEL = "-Onone";
			};
			name = Debug;
		};
		A2434AD9298651F600F60D1A /* Release */ = {
			isa = XCBuildConfiguration;
			buildSettings = {
				ALWAYS_SEARCH_USER_PATHS = NO;
				CLANG_ANALYZER_NONNULL = YES;
				CLANG_ANALYZER_NUMBER_OBJECT_CONVERSION = YES_AGGRESSIVE;
				CLANG_CXX_LANGUAGE_STANDARD = "gnu++20";
				CLANG_ENABLE_MODULES = YES;
				CLANG_ENABLE_OBJC_ARC = YES;
				CLANG_ENABLE_OBJC_WEAK = YES;
				CLANG_WARN_BLOCK_CAPTURE_AUTORELEASING = YES;
				CLANG_WARN_BOOL_CONVERSION = YES;
				CLANG_WARN_COMMA = YES;
				CLANG_WARN_CONSTANT_CONVERSION = YES;
				CLANG_WARN_DEPRECATED_OBJC_IMPLEMENTATIONS = YES;
				CLANG_WARN_DIRECT_OBJC_ISA_USAGE = YES_ERROR;
				CLANG_WARN_DOCUMENTATION_COMMENTS = YES;
				CLANG_WARN_EMPTY_BODY = YES;
				CLANG_WARN_ENUM_CONVERSION = YES;
				CLANG_WARN_INFINITE_RECURSION = YES;
				CLANG_WARN_INT_CONVERSION = YES;
				CLANG_WARN_NON_LITERAL_NULL_CONVERSION = YES;
				CLANG_WARN_OBJC_IMPLICIT_RETAIN_SELF = YES;
				CLANG_WARN_OBJC_LITERAL_CONVERSION = YES;
				CLANG_WARN_OBJC_ROOT_CLASS = YES_ERROR;
				CLANG_WARN_QUOTED_INCLUDE_IN_FRAMEWORK_HEADER = YES;
				CLANG_WARN_RANGE_LOOP_ANALYSIS = YES;
				CLANG_WARN_STRICT_PROTOTYPES = YES;
				CLANG_WARN_SUSPICIOUS_MOVE = YES;
				CLANG_WARN_UNGUARDED_AVAILABILITY = YES_AGGRESSIVE;
				CLANG_WARN_UNREACHABLE_CODE = YES;
				CLANG_WARN__DUPLICATE_METHOD_MATCH = YES;
				COPY_PHASE_STRIP = NO;
				DEBUG_INFORMATION_FORMAT = "dwarf-with-dsym";
				ENABLE_NS_ASSERTIONS = NO;
				ENABLE_STRICT_OBJC_MSGSEND = YES;
				GCC_C_LANGUAGE_STANDARD = gnu11;
				GCC_NO_COMMON_BLOCKS = YES;
				GCC_WARN_64_TO_32_BIT_CONVERSION = YES;
				GCC_WARN_ABOUT_RETURN_TYPE = YES_ERROR;
				GCC_WARN_UNDECLARED_SELECTOR = YES;
				GCC_WARN_UNINITIALIZED_AUTOS = YES_AGGRESSIVE;
				GCC_WARN_UNUSED_FUNCTION = YES;
				GCC_WARN_UNUSED_VARIABLE = YES;
				IPHONEOS_DEPLOYMENT_TARGET = 15.0;
				MTL_ENABLE_DEBUG_INFO = NO;
				MTL_FAST_MATH = YES;
				SDKROOT = iphoneos;
				SWIFT_COMPILATION_MODE = wholemodule;
				SWIFT_OPTIMIZATION_LEVEL = "-O";
				VALIDATE_PRODUCT = YES;
			};
			name = Release;
		};
		A2434ADB298651F600F60D1A /* Debug */ = {
			isa = XCBuildConfiguration;
			baseConfigurationReference = 9C943509B2DF89C336174319 /* Pods-KeKi.debug.xcconfig */;
			buildSettings = {
				ASSETCATALOG_COMPILER_APPICON_NAME = AppIcon;
				ASSETCATALOG_COMPILER_GLOBAL_ACCENT_COLOR_NAME = AccentColor;
				CODE_SIGN_STYLE = Automatic;
				CURRENT_PROJECT_VERSION = 1;
				DEVELOPMENT_TEAM = J4X458RVHG;
				GENERATE_INFOPLIST_FILE = YES;
				INFOPLIST_FILE = KeKi/Info.plist;
				INFOPLIST_KEY_CFBundleDisplayName = "케키";
				INFOPLIST_KEY_UIApplicationSupportsIndirectInputEvents = YES;
				INFOPLIST_KEY_UILaunchStoryboardName = LaunchScreen;
				INFOPLIST_KEY_UIMainStoryboardFile = UnLoginUserMypage;
				INFOPLIST_KEY_UISupportedInterfaceOrientations = UIInterfaceOrientationPortrait;
				INFOPLIST_KEY_UISupportedInterfaceOrientations_iPad = "UIInterfaceOrientationLandscapeLeft UIInterfaceOrientationLandscapeRight UIInterfaceOrientationPortrait UIInterfaceOrientationPortraitUpsideDown";
				LD_RUNPATH_SEARCH_PATHS = (
					"$(inherited)",
					"@executable_path/Frameworks",
				);
				MARKETING_VERSION = 1.0;
				PRODUCT_BUNDLE_IDENTIFIER = com.keki.www.KeKi;
				PRODUCT_NAME = "$(TARGET_NAME)";
				SUPPORTED_PLATFORMS = "iphoneos iphonesimulator";
				SUPPORTS_MACCATALYST = NO;
				SUPPORTS_MAC_DESIGNED_FOR_IPHONE_IPAD = NO;
				SWIFT_EMIT_LOC_STRINGS = YES;
				SWIFT_VERSION = 5.0;
				TARGETED_DEVICE_FAMILY = 1;
			};
			name = Debug;
		};
		A2434ADC298651F600F60D1A /* Release */ = {
			isa = XCBuildConfiguration;
			baseConfigurationReference = 78B388A7669643F3338C197A /* Pods-KeKi.release.xcconfig */;
			buildSettings = {
				ASSETCATALOG_COMPILER_APPICON_NAME = AppIcon;
				ASSETCATALOG_COMPILER_GLOBAL_ACCENT_COLOR_NAME = AccentColor;
				CODE_SIGN_STYLE = Automatic;
				CURRENT_PROJECT_VERSION = 1;
				DEVELOPMENT_TEAM = J4X458RVHG;
				GENERATE_INFOPLIST_FILE = YES;
				INFOPLIST_FILE = KeKi/Info.plist;
				INFOPLIST_KEY_CFBundleDisplayName = "케키";
				INFOPLIST_KEY_UIApplicationSupportsIndirectInputEvents = YES;
				INFOPLIST_KEY_UILaunchStoryboardName = LaunchScreen;
				INFOPLIST_KEY_UIMainStoryboardFile = UnLoginUserMypage;
				INFOPLIST_KEY_UISupportedInterfaceOrientations = UIInterfaceOrientationPortrait;
				INFOPLIST_KEY_UISupportedInterfaceOrientations_iPad = "UIInterfaceOrientationLandscapeLeft UIInterfaceOrientationLandscapeRight UIInterfaceOrientationPortrait UIInterfaceOrientationPortraitUpsideDown";
				LD_RUNPATH_SEARCH_PATHS = (
					"$(inherited)",
					"@executable_path/Frameworks",
				);
				MARKETING_VERSION = 1.0;
				PRODUCT_BUNDLE_IDENTIFIER = com.keki.www.KeKi;
				PRODUCT_NAME = "$(TARGET_NAME)";
				SUPPORTED_PLATFORMS = "iphoneos iphonesimulator";
				SUPPORTS_MACCATALYST = NO;
				SUPPORTS_MAC_DESIGNED_FOR_IPHONE_IPAD = NO;
				SWIFT_EMIT_LOC_STRINGS = YES;
				SWIFT_VERSION = 5.0;
				TARGETED_DEVICE_FAMILY = 1;
			};
			name = Release;
		};
/* End XCBuildConfiguration section */

/* Begin XCConfigurationList section */
		A2434AC1298651F500F60D1A /* Build configuration list for PBXProject "KeKi" */ = {
			isa = XCConfigurationList;
			buildConfigurations = (
				A2434AD8298651F600F60D1A /* Debug */,
				A2434AD9298651F600F60D1A /* Release */,
			);
			defaultConfigurationIsVisible = 0;
			defaultConfigurationName = Release;
		};
		A2434ADA298651F600F60D1A /* Build configuration list for PBXNativeTarget "KeKi" */ = {
			isa = XCConfigurationList;
			buildConfigurations = (
				A2434ADB298651F600F60D1A /* Debug */,
				A2434ADC298651F600F60D1A /* Release */,
			);
			defaultConfigurationIsVisible = 0;
			defaultConfigurationName = Release;
		};
/* End XCConfigurationList section */

/* Begin XCRemoteSwiftPackageReference section */
		A2434ADD2986520E00F60D1A /* XCRemoteSwiftPackageReference "Alamofire" */ = {
			isa = XCRemoteSwiftPackageReference;
			repositoryURL = "https://github.com/Alamofire/Alamofire.git";
			requirement = {
				kind = upToNextMinorVersion;
				minimumVersion = 5.6.0;
			};
		};
		A2434AE02986523000F60D1A /* XCRemoteSwiftPackageReference "Tabman" */ = {
			isa = XCRemoteSwiftPackageReference;
			repositoryURL = "https://github.com/uias/Tabman";
			requirement = {
				kind = upToNextMinorVersion;
				minimumVersion = 3.0.0;
			};
		};
		A2434AE32986523D00F60D1A /* XCRemoteSwiftPackageReference "Kingfisher" */ = {
			isa = XCRemoteSwiftPackageReference;
			repositoryURL = "https://github.com/onevcat/Kingfisher.git";
			requirement = {
				kind = upToNextMinorVersion;
				minimumVersion = 7.5.0;
			};
		};
		A2434B1529865C5B00F60D1A /* XCRemoteSwiftPackageReference "Toast-Swift" */ = {
			isa = XCRemoteSwiftPackageReference;
			repositoryURL = "https://github.com/scalessec/Toast-Swift.git";
			requirement = {
				kind = upToNextMinorVersion;
				minimumVersion = 5.0.0;
			};
		};
/* End XCRemoteSwiftPackageReference section */

/* Begin XCSwiftPackageProductDependency section */
		A2434ADE2986520E00F60D1A /* Alamofire */ = {
			isa = XCSwiftPackageProductDependency;
			package = A2434ADD2986520E00F60D1A /* XCRemoteSwiftPackageReference "Alamofire" */;
			productName = Alamofire;
		};
		A2434AE12986523000F60D1A /* Tabman */ = {
			isa = XCSwiftPackageProductDependency;
			package = A2434AE02986523000F60D1A /* XCRemoteSwiftPackageReference "Tabman" */;
			productName = Tabman;
		};
		A2434AE42986523D00F60D1A /* Kingfisher */ = {
			isa = XCSwiftPackageProductDependency;
			package = A2434AE32986523D00F60D1A /* XCRemoteSwiftPackageReference "Kingfisher" */;
			productName = Kingfisher;
		};
		A2434B1629865C5B00F60D1A /* Toast */ = {
			isa = XCSwiftPackageProductDependency;
			package = A2434B1529865C5B00F60D1A /* XCRemoteSwiftPackageReference "Toast-Swift" */;
			productName = Toast;
		};
/* End XCSwiftPackageProductDependency section */
	};
	rootObject = A2434ABE298651F500F60D1A /* Project object */;
}
